
Microsoft Visual Studio Solution File, Format Version 12.00
# Visual Studio Version 17
VisualStudioVersion = 17.7.34221.43
MinimumVisualStudioVersion = 10.0.40219.1
Project("{8BC9CEB8-8B4A-11D0-8D11-00A0C91BC942}") = "4_16", "4_16.vcxproj", "{45A6C7FA-4DCA-421B-A2BA-0F58CF3CE030}"
EndProject
Global
	GlobalSection(SolutionConfigurationPlatforms) = preSolution
		Debug|x64 = Debug|x64
		Debug|x86 = Debug|x86
		Release|x64 = Release|x64
		Release|x86 = Release|x86
	EndGlobalSection
	GlobalSection(ProjectConfigurationPlatforms) = postSolution
		{45A6C7FA-4DCA-421B-A2BA-0F58CF3CE030}.Debug|x64.ActiveCfg = Debug|x64
		{45A6C7FA-4DCA-421B-A2BA-0F58CF3CE030}.Debug|x64.Build.0 = Debug|x64
		{45A6C7FA-4DCA-421B-A2BA-0F58CF3CE030}.Debug|x86.ActiveCfg = Debug|Win32
		{45A6C7FA-4DCA-421B-A2BA-0F58CF3CE030}.Debug|x86.Build.0 = Debug|Win32
		{45A6C7FA-4DCA-421B-A2BA-0F58CF3CE030}.Release|x64.ActiveCfg = Release|x64
		{45A6C7FA-4DCA-421B-A2BA-0F58CF3CE030}.Release|x64.Build.0 = Release|x64
		{45A6C7FA-4DCA-421B-A2BA-0F58CF3CE030}.Release|x86.ActiveCfg = Release|Win32
		{45A6C7FA-4DCA-421B-A2BA-0F58CF3CE030}.Release|x86.Build.0 = Release|Win32
	EndGlobalSection
	GlobalSection(SolutionProperties) = preSolution
		HideSolutionNode = FALSE
	EndGlobalSection
	GlobalSection(ExtensibilityGlobals) = postSolution
		SolutionGuid = {DC1CD482-EBDC-4D97-A77B-D6C47914DD92}
	EndGlobalSection
EndGlobal
